
Microsoft Visual Studio Solution File, Format Version 12.00
# Visual Studio 2012
Project("{FAE04EC0-301F-11D3-BF4B-00C04F79EFBC}") = "XamarinFormsNativeDemo", "XamarinFormsNativeDemo\XamarinFormsNativeDemo.csproj", "{C192996E-F36E-412D-8322-35292ABEB1CF}"
EndProject
Project("{FAE04EC0-301F-11D3-BF4B-00C04F79EFBC}") = "XamarinFormsNativeDemo.iOS", "iOS\XamarinFormsNativeDemo.iOS.csproj", "{801618A0-B88F-4011-A01B-EBF2DF5C5412}"
EndProject
Global
	GlobalSection(SolutionConfigurationPlatforms) = preSolution
		Debug|Any CPU = Debug|Any CPU
		Release|Any CPU = Release|Any CPU
		Debug|iPhoneSimulator = Debug|iPhoneSimulator
		Release|iPhone = Release|iPhone
		Release|iPhoneSimulator = Release|iPhoneSimulator
		Debug|iPhone = Debug|iPhone
	EndGlobalSection
	GlobalSection(ProjectConfigurationPlatforms) = postSolution
		{C192996E-F36E-412D-8322-35292ABEB1CF}.Debug|Any CPU.ActiveCfg = Debug|Any CPU
		{C192996E-F36E-412D-8322-35292ABEB1CF}.Debug|Any CPU.Build.0 = Debug|Any CPU
		{C192996E-F36E-412D-8322-35292ABEB1CF}.Release|Any CPU.ActiveCfg = Release|Any CPU
		{C192996E-F36E-412D-8322-35292ABEB1CF}.Release|Any CPU.Build.0 = Release|Any CPU
		{C192996E-F36E-412D-8322-35292ABEB1CF}.Debug|iPhoneSimulator.ActiveCfg = Debug|Any CPU
		{C192996E-F36E-412D-8322-35292ABEB1CF}.Debug|iPhoneSimulator.Build.0 = Debug|Any CPU
		{C192996E-F36E-412D-8322-35292ABEB1CF}.Release|iPhone.ActiveCfg = Release|Any CPU
		{C192996E-F36E-412D-8322-35292ABEB1CF}.Release|iPhone.Build.0 = Release|Any CPU
		{C192996E-F36E-412D-8322-35292ABEB1CF}.Release|iPhoneSimulator.ActiveCfg = Release|Any CPU
		{C192996E-F36E-412D-8322-35292ABEB1CF}.Release|iPhoneSimulator.Build.0 = Release|Any CPU
		{C192996E-F36E-412D-8322-35292ABEB1CF}.Debug|iPhone.ActiveCfg = Debug|Any CPU
		{C192996E-F36E-412D-8322-35292ABEB1CF}.Debug|iPhone.Build.0 = Debug|Any CPU
		{801618A0-B88F-4011-A01B-EBF2DF5C5412}.Debug|Any CPU.ActiveCfg = Debug|iPhoneSimulator
		{801618A0-B88F-4011-A01B-EBF2DF5C5412}.Debug|Any CPU.Build.0 = Debug|iPhoneSimulator
		{801618A0-B88F-4011-A01B-EBF2DF5C5412}.Release|Any CPU.ActiveCfg = Release|iPhone
		{801618A0-B88F-4011-A01B-EBF2DF5C5412}.Release|Any CPU.Build.0 = Release|iPhone
		{801618A0-B88F-4011-A01B-EBF2DF5C5412}.Debug|iPhoneSimulator.ActiveCfg = Debug|iPhoneSimulator
		{801618A0-B88F-4011-A01B-EBF2DF5C5412}.Debug|iPhoneSimulator.Build.0 = Debug|iPhoneSimulator
		{801618A0-B88F-4011-A01B-EBF2DF5C5412}.Release|iPhone.ActiveCfg = Release|iPhone
		{801618A0-B88F-4011-A01B-EBF2DF5C5412}.Release|iPhone.Build.0 = Release|iPhone
		{801618A0-B88F-4011-A01B-EBF2DF5C5412}.Release|iPhoneSimulator.ActiveCfg = Release|iPhoneSimulator
		{801618A0-B88F-4011-A01B-EBF2DF5C5412}.Release|iPhoneSimulator.Build.0 = Release|iPhoneSimulator
		{801618A0-B88F-4011-A01B-EBF2DF5C5412}.Debug|iPhone.ActiveCfg = Debug|iPhone
		{801618A0-B88F-4011-A01B-EBF2DF5C5412}.Debug|iPhone.Build.0 = Debug|iPhone
	EndGlobalSection
EndGlobal
